// !$*UTF8*$!
{
	archiveVersion = 1;
	classes = {
	};
	objectVersion = 46;
	objects = {

/* Begin PBXBuildFile section */
		645258AEC15832D97EF2D1F3 /* Pods_WKReactNativeLearn.framework in Frameworks */ = {isa = PBXBuildFile; fileRef = 83FE958569D1A064793EE9AC /* Pods_WKReactNativeLearn.framework */; };
		8349F7F51EE170B2005536FD /* main.m in Sources */ = {isa = PBXBuildFile; fileRef = 8349F7F41EE170B2005536FD /* main.m */; };
		8349F7F81EE170B2005536FD /* AppDelegate.m in Sources */ = {isa = PBXBuildFile; fileRef = 8349F7F71EE170B2005536FD /* AppDelegate.m */; };
		8349F7FB1EE170B3005536FD /* ViewController.m in Sources */ = {isa = PBXBuildFile; fileRef = 8349F7FA1EE170B3005536FD /* ViewController.m */; };
		8349F7FE1EE170B3005536FD /* Main.storyboard in Resources */ = {isa = PBXBuildFile; fileRef = 8349F7FC1EE170B3005536FD /* Main.storyboard */; };
		8349F8001EE170B4005536FD /* Assets.xcassets in Resources */ = {isa = PBXBuildFile; fileRef = 8349F7FF1EE170B4005536FD /* Assets.xcassets */; };
		8349F8031EE170B4005536FD /* LaunchScreen.storyboard in Resources */ = {isa = PBXBuildFile; fileRef = 8349F8011EE170B4005536FD /* LaunchScreen.storyboard */; };
		8349F80E1EE170B5005536FD /* WKReactNativeLearnTests.m in Sources */ = {isa = PBXBuildFile; fileRef = 8349F80D1EE170B5005536FD /* WKReactNativeLearnTests.m */; };
		8349F8191EE170B5005536FD /* WKReactNativeLearnUITests.m in Sources */ = {isa = PBXBuildFile; fileRef = 8349F8181EE170B5005536FD /* WKReactNativeLearnUITests.m */; };
/* End PBXBuildFile section */

/* Begin PBXContainerItemProxy section */
		8349F80A1EE170B5005536FD /* PBXContainerItemProxy */ = {
			isa = PBXContainerItemProxy;
			containerPortal = 8349F7E81EE170B1005536FD /* Project object */;
			proxyType = 1;
			remoteGlobalIDString = 8349F7EF1EE170B2005536FD;
			remoteInfo = WKReactNativeLearn;
		};
		8349F8151EE170B5005536FD /* PBXContainerItemProxy */ = {
			isa = PBXContainerItemProxy;
			containerPortal = 8349F7E81EE170B1005536FD /* Project object */;
			proxyType = 1;
			remoteGlobalIDString = 8349F7EF1EE170B2005536FD;
			remoteInfo = WKReactNativeLearn;
		};
/* End PBXContainerItemProxy section */

/* Begin PBXFileReference section */
		692DEA47B18942C6B9152AF1 /* Pods-WKReactNativeLearn.debug.xcconfig */ = {isa = PBXFileReference; includeInIndex = 1; lastKnownFileType = text.xcconfig; name = "Pods-WKReactNativeLearn.debug.xcconfig"; path = "Pods/Target Support Files/Pods-WKReactNativeLearn/Pods-WKReactNativeLearn.debug.xcconfig"; sourceTree = "<group>"; };
		7DAEB8F9B58F2316C1C1B282 /* Pods-WKReactNativeLearn.release.xcconfig */ = {isa = PBXFileReference; includeInIndex = 1; lastKnownFileType = text.xcconfig; name = "Pods-WKReactNativeLearn.release.xcconfig"; path = "Pods/Target Support Files/Pods-WKReactNativeLearn/Pods-WKReactNativeLearn.release.xcconfig"; sourceTree = "<group>"; };
		8349F7F01EE170B2005536FD /* WKReactNativeLearn.app */ = {isa = PBXFileReference; explicitFileType = wrapper.application; includeInIndex = 0; path = WKReactNativeLearn.app; sourceTree = BUILT_PRODUCTS_DIR; };
		8349F7F41EE170B2005536FD /* main.m */ = {isa = PBXFileReference; lastKnownFileType = sourcecode.c.objc; path = main.m; sourceTree = "<group>"; };
		8349F7F61EE170B2005536FD /* AppDelegate.h */ = {isa = PBXFileReference; lastKnownFileType = sourcecode.c.h; path = AppDelegate.h; sourceTree = "<group>"; };
		8349F7F71EE170B2005536FD /* AppDelegate.m */ = {isa = PBXFileReference; lastKnownFileType = sourcecode.c.objc; path = AppDelegate.m; sourceTree = "<group>"; };
		8349F7F91EE170B3005536FD /* ViewController.h */ = {isa = PBXFileReference; lastKnownFileType = sourcecode.c.h; path = ViewController.h; sourceTree = "<group>"; };
		8349F7FA1EE170B3005536FD /* ViewController.m */ = {isa = PBXFileReference; lastKnownFileType = sourcecode.c.objc; path = ViewController.m; sourceTree = "<group>"; };
		8349F7FD1EE170B3005536FD /* Base */ = {isa = PBXFileReference; lastKnownFileType = file.storyboard; name = Base; path = Base.lproj/Main.storyboard; sourceTree = "<group>"; };
		8349F7FF1EE170B4005536FD /* Assets.xcassets */ = {isa = PBXFileReference; lastKnownFileType = folder.assetcatalog; path = Assets.xcassets; sourceTree = "<group>"; };
		8349F8021EE170B4005536FD /* Base */ = {isa = PBXFileReference; lastKnownFileType = file.storyboard; name = Base; path = Base.lproj/LaunchScreen.storyboard; sourceTree = "<group>"; };
		8349F8041EE170B4005536FD /* Info.plist */ = {isa = PBXFileReference; lastKnownFileType = text.plist.xml; path = Info.plist; sourceTree = "<group>"; };
		8349F8091EE170B5005536FD /* WKReactNativeLearnTests.xctest */ = {isa = PBXFileReference; explicitFileType = wrapper.cfbundle; includeInIndex = 0; path = WKReactNativeLearnTests.xctest; sourceTree = BUILT_PRODUCTS_DIR; };
		8349F80D1EE170B5005536FD /* WKReactNativeLearnTests.m */ = {isa = PBXFileReference; lastKnownFileType = sourcecode.c.objc; path = WKReactNativeLearnTests.m; sourceTree = "<group>"; };
		8349F80F1EE170B5005536FD /* Info.plist */ = {isa = PBXFileReference; lastKnownFileType = text.plist.xml; path = Info.plist; sourceTree = "<group>"; };
		8349F8141EE170B5005536FD /* WKReactNativeLearnUITests.xctest */ = {isa = PBXFileReference; explicitFileType = wrapper.cfbundle; includeInIndex = 0; path = WKReactNativeLearnUITests.xctest; sourceTree = BUILT_PRODUCTS_DIR; };
		8349F8181EE170B5005536FD /* WKReactNativeLearnUITests.m */ = {isa = PBXFileReference; lastKnownFileType = sourcecode.c.objc; path = WKReactNativeLearnUITests.m; sourceTree = "<group>"; };
		8349F81A1EE170B5005536FD /* Info.plist */ = {isa = PBXFileReference; lastKnownFileType = text.plist.xml; path = Info.plist; sourceTree = "<group>"; };
		83FE958569D1A064793EE9AC /* Pods_WKReactNativeLearn.framework */ = {isa = PBXFileReference; explicitFileType = wrapper.framework; includeInIndex = 0; path = Pods_WKReactNativeLearn.framework; sourceTree = BUILT_PRODUCTS_DIR; };
/* End PBXFileReference section */

/* Begin PBXFrameworksBuildPhase section */
		8349F7ED1EE170B2005536FD /* Frameworks */ = {
			isa = PBXFrameworksBuildPhase;
			buildActionMask = 2147483647;
			files = (
				645258AEC15832D97EF2D1F3 /* Pods_WKReactNativeLearn.framework in Frameworks */,
			);
			runOnlyForDeploymentPostprocessing = 0;
		};
		8349F8061EE170B5005536FD /* Frameworks */ = {
			isa = PBXFrameworksBuildPhase;
			buildActionMask = 2147483647;
			files = (
			);
			runOnlyForDeploymentPostprocessing = 0;
		};
		8349F8111EE170B5005536FD /* Frameworks */ = {
			isa = PBXFrameworksBuildPhase;
			buildActionMask = 2147483647;
			files = (
			);
			runOnlyForDeploymentPostprocessing = 0;
		};
/* End PBXFrameworksBuildPhase section */

/* Begin PBXGroup section */
		8349F7E71EE170B1005536FD = {
			isa = PBXGroup;
			children = (
				8349F7F21EE170B2005536FD /* WKReactNativeLearn */,
				8349F80C1EE170B5005536FD /* WKReactNativeLearnTests */,
				8349F8171EE170B5005536FD /* WKReactNativeLearnUITests */,
				8349F7F11EE170B2005536FD /* Products */,
				A967D7EE1CA5C1580657057C /* Pods */,
				DC9EAE900C83DF33CE3CCB9F /* Frameworks */,
			);
			sourceTree = "<group>";
		};
		8349F7F11EE170B2005536FD /* Products */ = {
			isa = PBXGroup;
			children = (
				8349F7F01EE170B2005536FD /* WKReactNativeLearn.app */,
				8349F8091EE170B5005536FD /* WKReactNativeLearnTests.xctest */,
				8349F8141EE170B5005536FD /* WKReactNativeLearnUITests.xctest */,
			);
			name = Products;
			sourceTree = "<group>";
		};
		8349F7F21EE170B2005536FD /* WKReactNativeLearn */ = {
			isa = PBXGroup;
			children = (
				8349F7F61EE170B2005536FD /* AppDelegate.h */,
				8349F7F71EE170B2005536FD /* AppDelegate.m */,
				8349F7F91EE170B3005536FD /* ViewController.h */,
				8349F7FA1EE170B3005536FD /* ViewController.m */,
				8349F7FC1EE170B3005536FD /* Main.storyboard */,
				8349F7FF1EE170B4005536FD /* Assets.xcassets */,
				8349F8011EE170B4005536FD /* LaunchScreen.storyboard */,
				8349F8041EE170B4005536FD /* Info.plist */,
				8349F7F31EE170B2005536FD /* Supporting Files */,
			);
			path = WKReactNativeLearn;
			sourceTree = "<group>";
		};
		8349F7F31EE170B2005536FD /* Supporting Files */ = {
			isa = PBXGroup;
			children = (
				8349F7F41EE170B2005536FD /* main.m */,
			);
			name = "Supporting Files";
			sourceTree = "<group>";
		};
		8349F80C1EE170B5005536FD /* WKReactNativeLearnTests */ = {
			isa = PBXGroup;
			children = (
				8349F80D1EE170B5005536FD /* WKReactNativeLearnTests.m */,
				8349F80F1EE170B5005536FD /* Info.plist */,
			);
			path = WKReactNativeLearnTests;
			sourceTree = "<group>";
		};
		8349F8171EE170B5005536FD /* WKReactNativeLearnUITests */ = {
			isa = PBXGroup;
			children = (
				8349F8181EE170B5005536FD /* WKReactNativeLearnUITests.m */,
				8349F81A1EE170B5005536FD /* Info.plist */,
			);
			path = WKReactNativeLearnUITests;
			sourceTree = "<group>";
		};
		A967D7EE1CA5C1580657057C /* Pods */ = {
			isa = PBXGroup;
			children = (
				692DEA47B18942C6B9152AF1 /* Pods-WKReactNativeLearn.debug.xcconfig */,
				7DAEB8F9B58F2316C1C1B282 /* Pods-WKReactNativeLearn.release.xcconfig */,
			);
			name = Pods;
			sourceTree = "<group>";
		};
		DC9EAE900C83DF33CE3CCB9F /* Frameworks */ = {
			isa = PBXGroup;
			children = (
				83FE958569D1A064793EE9AC /* Pods_WKReactNativeLearn.framework */,
			);
			name = Frameworks;
			sourceTree = "<group>";
		};
/* End PBXGroup section */

/* Begin PBXNativeTarget section */
		8349F7EF1EE170B2005536FD /* WKReactNativeLearn */ = {
			isa = PBXNativeTarget;
			buildConfigurationList = 8349F81D1EE170B5005536FD /* Build configuration list for PBXNativeTarget "WKReactNativeLearn" */;
			buildPhases = (
				6A6CA39C09C5FFF2937EC7BA /* [CP] Check Pods Manifest.lock */,
				8349F7EC1EE170B2005536FD /* Sources */,
				8349F7ED1EE170B2005536FD /* Frameworks */,
				8349F7EE1EE170B2005536FD /* Resources */,
				FB9BAC4A6379FB06C1CE49EF /* [CP] Embed Pods Frameworks */,
				F2B5590066B36AD31B306870 /* [CP] Copy Pods Resources */,
			);
			buildRules = (
			);
			dependencies = (
			);
			name = WKReactNativeLearn;
			productName = WKReactNativeLearn;
			productReference = 8349F7F01EE170B2005536FD /* WKReactNativeLearn.app */;
			productType = "com.apple.product-type.application";
		};
		8349F8081EE170B5005536FD /* WKReactNativeLearnTests */ = {
			isa = PBXNativeTarget;
			buildConfigurationList = 8349F8201EE170B5005536FD /* Build configuration list for PBXNativeTarget "WKReactNativeLearnTests" */;
			buildPhases = (
				8349F8051EE170B5005536FD /* Sources */,
				8349F8061EE170B5005536FD /* Frameworks */,
				8349F8071EE170B5005536FD /* Resources */,
			);
			buildRules = (
			);
			dependencies = (
				8349F80B1EE170B5005536FD /* PBXTargetDependency */,
			);
			name = WKReactNativeLearnTests;
			productName = WKReactNativeLearnTests;
			productReference = 8349F8091EE170B5005536FD /* WKReactNativeLearnTests.xctest */;
			productType = "com.apple.product-type.bundle.unit-test";
		};
		8349F8131EE170B5005536FD /* WKReactNativeLearnUITests */ = {
			isa = PBXNativeTarget;
			buildConfigurationList = 8349F8231EE170B5005536FD /* Build configuration list for PBXNativeTarget "WKReactNativeLearnUITests" */;
			buildPhases = (
				8349F8101EE170B5005536FD /* Sources */,
				8349F8111EE170B5005536FD /* Frameworks */,
				8349F8121EE170B5005536FD /* Resources */,
			);
			buildRules = (
			);
			dependencies = (
				8349F8161EE170B5005536FD /* PBXTargetDependency */,
			);
			name = WKReactNativeLearnUITests;
			productName = WKReactNativeLearnUITests;
			productReference = 8349F8141EE170B5005536FD /* WKReactNativeLearnUITests.xctest */;
			productType = "com.apple.product-type.bundle.ui-testing";
		};
/* End PBXNativeTarget section */

/* Begin PBXProject section */
		8349F7E81EE170B1005536FD /* Project object */ = {
			isa = PBXProject;
			attributes = {
				LastUpgradeCheck = 0830;
				ORGANIZATIONNAME = wangkai;
				TargetAttributes = {
					8349F7EF1EE170B2005536FD = {
						CreatedOnToolsVersion = 8.3.2;
						DevelopmentTeam = A28585LQM6;
						ProvisioningStyle = Automatic;
					};
					8349F8081EE170B5005536FD = {
						CreatedOnToolsVersion = 8.3.2;
						ProvisioningStyle = Automatic;
						TestTargetID = 8349F7EF1EE170B2005536FD;
					};
					8349F8131EE170B5005536FD = {
						CreatedOnToolsVersion = 8.3.2;
						ProvisioningStyle = Automatic;
						TestTargetID = 8349F7EF1EE170B2005536FD;
					};
				};
			};
			buildConfigurationList = 8349F7EB1EE170B1005536FD /* Build configuration list for PBXProject "WKReactNativeLearn" */;
			compatibilityVersion = "Xcode 3.2";
			developmentRegion = English;
			hasScannedForEncodings = 0;
			knownRegions = (
				en,
				Base,
			);
			mainGroup = 8349F7E71EE170B1005536FD;
			productRefGroup = 8349F7F11EE170B2005536FD /* Products */;
			projectDirPath = "";
			projectRoot = "";
			targets = (
				8349F7EF1EE170B2005536FD /* WKReactNativeLearn */,
				8349F8081EE170B5005536FD /* WKReactNativeLearnTests */,
				8349F8131EE170B5005536FD /* WKReactNativeLearnUITests */,
			);
		};
/* End PBXProject section */

/* Begin PBXResourcesBuildPhase section */
		8349F7EE1EE170B2005536FD /* Resources */ = {
			isa = PBXResourcesBuildPhase;
			buildActionMask = 2147483647;
			files = (
				8349F8031EE170B4005536FD /* LaunchScreen.storyboard in Resources */,
				8349F8001EE170B4005536FD /* Assets.xcassets in Resources */,
				8349F7FE1EE170B3005536FD /* Main.storyboard in Resources */,
			);
			runOnlyForDeploymentPostprocessing = 0;
		};
		8349F8071EE170B5005536FD /* Resources */ = {
			isa = PBXResourcesBuildPhase;
			buildActionMask = 2147483647;
			files = (
			);
			runOnlyForDeploymentPostprocessing = 0;
		};
		8349F8121EE170B5005536FD /* Resources */ = {
			isa = PBXResourcesBuildPhase;
			buildActionMask = 2147483647;
			files = (
			);
			runOnlyForDeploymentPostprocessing = 0;
		};
/* End PBXResourcesBuildPhase section */

/* Begin PBXShellScriptBuildPhase section */
		6A6CA39C09C5FFF2937EC7BA /* [CP] Check Pods Manifest.lock */ = {
			isa = PBXShellScriptBuildPhase;
			buildActionMask = 2147483647;
			files = (
			);
			inputPaths = (
			);
			name = "[CP] Check Pods Manifest.lock";
			outputPaths = (
			);
			runOnlyForDeploymentPostprocessing = 0;
			shellPath = /bin/sh;
			shellScript = "diff \"${PODS_ROOT}/../Podfile.lock\" \"${PODS_ROOT}/Manifest.lock\" > /dev/null\nif [[ $? != 0 ]] ; then\n    cat << EOM\nerror: The sandbox is not in sync with the Podfile.lock. Run 'pod install' or update your CocoaPods installation.\nEOM\n    exit 1\nfi\n";
			showEnvVarsInLog = 0;
		};
		F2B5590066B36AD31B306870 /* [CP] Copy Pods Resources */ = {
			isa = PBXShellScriptBuildPhase;
			buildActionMask = 2147483647;
			files = (
			);
			inputPaths = (
			);
			name = "[CP] Copy Pods Resources";
			outputPaths = (
			);
			runOnlyForDeploymentPostprocessing = 0;
			shellPath = /bin/sh;
			shellScript = "\"${SRCROOT}/Pods/Target Support Files/Pods-WKReactNativeLearn/Pods-WKReactNativeLearn-resources.sh\"\n";
			showEnvVarsInLog = 0;
		};
		FB9BAC4A6379FB06C1CE49EF /* [CP] Embed Pods Frameworks */ = {
			isa = PBXShellScriptBuildPhase;
			buildActionMask = 2147483647;
			files = (
			);
			inputPaths = (
			);
			name = "[CP] Embed Pods Frameworks";
			outputPaths = (
			);
			runOnlyForDeploymentPostprocessing = 0;
			shellPath = /bin/sh;
			shellScript = "\"${SRCROOT}/Pods/Target Support Files/Pods-WKReactNativeLearn/Pods-WKReactNativeLearn-frameworks.sh\"\n";
			showEnvVarsInLog = 0;
		};
/* End PBXShellScriptBuildPhase section */

/* Begin PBXSourcesBuildPhase section */
		8349F7EC1EE170B2005536FD /* Sources */ = {
			isa = PBXSourcesBuildPhase;
			buildActionMask = 2147483647;
			files = (
				8349F7FB1EE170B3005536FD /* ViewController.m in Sources */,
				8349F7F81EE170B2005536FD /* AppDelegate.m in Sources */,
				8349F7F51EE170B2005536FD /* main.m in Sources */,
			);
			runOnlyForDeploymentPostprocessing = 0;
		};
		8349F8051EE170B5005536FD /* Sources */ = {
			isa = PBXSourcesBuildPhase;
			buildActionMask = 2147483647;
			files = (
				8349F80E1EE170B5005536FD /* WKReactNativeLearnTests.m in Sources */,
			);
			runOnlyForDeploymentPostprocessing = 0;
		};
		8349F8101EE170B5005536FD /* Sources */ = {
			isa = PBXSourcesBuildPhase;
			buildActionMask = 2147483647;
			files = (
				8349F8191EE170B5005536FD /* WKReactNativeLearnUITests.m in Sources */,
			);
			runOnlyForDeploymentPostprocessing = 0;
		};
/* End PBXSourcesBuildPhase section */

/* Begin PBXTargetDependency section */
		8349F80B1EE170B5005536FD /* PBXTargetDependency */ = {
			isa = PBXTargetDependency;
			target = 8349F7EF1EE170B2005536FD /* WKReactNativeLearn */;
			targetProxy = 8349F80A1EE170B5005536FD /* PBXContainerItemProxy */;
		};
		8349F8161EE170B5005536FD /* PBXTargetDependency */ = {
			isa = PBXTargetDependency;
			target = 8349F7EF1EE170B2005536FD /* WKReactNativeLearn */;
			targetProxy = 8349F8151EE170B5005536FD /* PBXContainerItemProxy */;
		};
/* End PBXTargetDependency section */

/* Begin PBXVariantGroup section */
		8349F7FC1EE170B3005536FD /* Main.storyboard */ = {
			isa = PBXVariantGroup;
			children = (
				8349F7FD1EE170B3005536FD /* Base */,
			);
			name = Main.storyboard;
			sourceTree = "<group>";
		};
		8349F8011EE170B4005536FD /* LaunchScreen.storyboard */ = {
			isa = PBXVariantGroup;
			children = (
				8349F8021EE170B4005536FD /* Base */,
			);
			name = LaunchScreen.storyboard;
			sourceTree = "<group>";
		};
/* End PBXVariantGroup section */

/* Begin XCBuildConfiguration section */
		8349F81B1EE170B5005536FD /* Debug */ = {
			isa = XCBuildConfiguration;
			buildSettings = {
				ALWAYS_SEARCH_USER_PATHS = NO;
				CLANG_ANALYZER_NONNULL = YES;
				CLANG_ANALYZER_NUMBER_OBJECT_CONVERSION = YES_AGGRESSIVE;
				CLANG_CXX_LANGUAGE_STANDARD = "gnu++0x";
				CLANG_CXX_LIBRARY = "libc++";
				CLANG_ENABLE_MODULES = YES;
				CLANG_ENABLE_OBJC_ARC = YES;
				CLANG_WARN_BOOL_CONVERSION = YES;
				CLANG_WARN_CONSTANT_CONVERSION = YES;
				CLANG_WARN_DIRECT_OBJC_ISA_USAGE = YES_ERROR;
				CLANG_WARN_DOCUMENTATION_COMMENTS = YES;
				CLANG_WARN_EMPTY_BODY = YES;
				CLANG_WARN_ENUM_CONVERSION = YES;
				CLANG_WARN_INFINITE_RECURSION = YES;
				CLANG_WARN_INT_CONVERSION = YES;
				CLANG_WARN_OBJC_ROOT_CLASS = YES_ERROR;
				CLANG_WARN_SUSPICIOUS_MOVE = YES;
				CLANG_WARN_UNREACHABLE_CODE = YES;
				CLANG_WARN__DUPLICATE_METHOD_MATCH = YES;
				"CODE_SIGN_IDENTITY[sdk=iphoneos*]" = "iPhone Developer";
				COPY_PHASE_STRIP = NO;
				DEBUG_INFORMATION_FORMAT = dwarf;
				ENABLE_STRICT_OBJC_MSGSEND = YES;
				ENABLE_TESTABILITY = YES;
				GCC_C_LANGUAGE_STANDARD = gnu99;
				GCC_DYNAMIC_NO_PIC = NO;
				GCC_NO_COMMON_BLOCKS = YES;
				GCC_OPTIMIZATION_LEVEL = 0;
				GCC_PREPROCESSOR_DEFINITIONS = (
					"DEBUG=1",
					"$(inherited)",
				);
				GCC_WARN_64_TO_32_BIT_CONVERSION = YES;
				GCC_WARN_ABOUT_RETURN_TYPE = YES_ERROR;
				GCC_WARN_UNDECLARED_SELECTOR = YES;
				GCC_WARN_UNINITIALIZED_AUTOS = YES_AGGRESSIVE;
				GCC_WARN_UNUSED_FUNCTION = YES;
				GCC_WARN_UNUSED_VARIABLE = YES;
				IPHONEOS_DEPLOYMENT_TARGET = 10.3;
				MTL_ENABLE_DEBUG_INFO = YES;
				ONLY_ACTIVE_ARCH = YES;
				SDKROOT = iphoneos;
			};
			name = Debug;
		};
		8349F81C1EE170B5005536FD /* Release */ = {
			isa = XCBuildConfiguration;
			buildSettings = {
				ALWAYS_SEARCH_USER_PATHS = NO;
				CLANG_ANALYZER_NONNULL = YES;
				CLANG_ANALYZER_NUMBER_OBJECT_CONVERSION = YES_AGGRESSIVE;
				CLANG_CXX_LANGUAGE_STANDARD = "gnu++0x";
				CLANG_CXX_LIBRARY = "libc++";
				CLANG_ENABLE_MODULES = YES;
				CLANG_ENABLE_OBJC_ARC = YES;
				CLANG_WARN_BOOL_CONVERSION = YES;
				CLANG_WARN_CONSTANT_CONVERSION = YES;
				CLANG_WARN_DIRECT_OBJC_ISA_USAGE = YES_ERROR;
				CLANG_WARN_DOCUMENTATION_COMMENTS = YES;
				CLANG_WARN_EMPTY_BODY = YES;
				CLANG_WARN_ENUM_CONVERSION = YES;
				CLANG_WARN_INFINITE_RECURSION = YES;
				CLANG_WARN_INT_CONVERSION = YES;
				CLANG_WARN_OBJC_ROOT_CLASS = YES_ERROR;
				CLANG_WARN_SUSPICIOUS_MOVE = YES;
				CLANG_WARN_UNREACHABLE_CODE = YES;
				CLANG_WARN__DUPLICATE_METHOD_MATCH = YES;
				"CODE_SIGN_IDENTITY[sdk=iphoneos*]" = "iPhone Developer";
				COPY_PHASE_STRIP = NO;
				DEBUG_INFORMATION_FORMAT = "dwarf-with-dsym";
				ENABLE_NS_ASSERTIONS = NO;
				ENABLE_STRICT_OBJC_MSGSEND = YES;
				GCC_C_LANGUAGE_STANDARD = gnu99;
				GCC_NO_COMMON_BLOCKS = YES;
				GCC_WARN_64_TO_32_BIT_CONVERSION = YES;
				GCC_WARN_ABOUT_RETURN_TYPE = YES_ERROR;
				GCC_WARN_UNDECLARED_SELECTOR = YES;
				GCC_WARN_UNINITIALIZED_AUTOS = YES_AGGRESSIVE;
				GCC_WARN_UNUSED_FUNCTION = YES;
				GCC_WARN_UNUSED_VARIABLE = YES;
				IPHONEOS_DEPLOYMENT_TARGET = 10.3;
				MTL_ENABLE_DEBUG_INFO = NO;
				SDKROOT = iphoneos;
				VALIDATE_PRODUCT = YES;
			};
			name = Release;
		};
		8349F81E1EE170B5005536FD /* Debug */ = {
			isa = XCBuildConfiguration;
			baseConfigurationReference = 692DEA47B18942C6B9152AF1 /* Pods-WKReactNativeLearn.debug.xcconfig */;
			buildSettings = {
				ASSETCATALOG_COMPILER_APPICON_NAME = AppIcon;
				"CODE_SIGN_IDENTITY[sdk=iphoneos*]" = "iPhone Developer";
				DEVELOPMENT_TEAM = A28585LQM6;
				INFOPLIST_FILE = WKReactNativeLearn/Info.plist;
				IPHONEOS_DEPLOYMENT_TARGET = 8.0;
				LD_RUNPATH_SEARCH_PATHS = "$(inherited) @executable_path/Frameworks";
				PRODUCT_BUNDLE_IDENTIFIER = wk.WKReactNativeLearn;
				PRODUCT_NAME = "$(TARGET_NAME)";
				PROVISIONING_PROFILE_SPECIFIER = "";
			};
			name = Debug;
		};
		8349F81F1EE170B5005536FD /* Release */ = {
			isa = XCBuildConfiguration;
			baseConfigurationReference = 7DAEB8F9B58F2316C1C1B282 /* Pods-WKReactNativeLearn.release.xcconfig */;
			buildSettings = {
				ASSETCATALOG_COMPILER_APPICON_NAME = AppIcon;
				"CODE_SIGN_IDENTITY[sdk=iphoneos*]" = "iPhone Developer";
				DEVELOPMENT_TEAM = A28585LQM6;
				INFOPLIST_FILE = WKReactNativeLearn/Info.plist;
				IPHONEOS_DEPLOYMENT_TARGET = 8.0;
				LD_RUNPATH_SEARCH_PATHS = "$(inherited) @executable_path/Frameworks";
				PRODUCT_BUNDLE_IDENTIFIER = wk.WKReactNativeLearn;
				PRODUCT_NAME = "$(TARGET_NAME)";
				PROVISIONING_PROFILE_SPECIFIER = "";
			};
			name = Release;
		};
		8349F8211EE170B5005536FD /* Debug */ = {
			isa = XCBuildConfiguration;
			buildSettings = {
				BUNDLE_LOADER = "$(TEST_HOST)";
				INFOPLIST_FILE = WKReactNativeLearnTests/Info.plist;
				LD_RUNPATH_SEARCH_PATHS = "$(inherited) @executable_path/Frameworks @loader_path/Frameworks";
				PRODUCT_BUNDLE_IDENTIFIER = wk.WKReactNativeLearnTests;
				PRODUCT_NAME = "$(TARGET_NAME)";
				TEST_HOST = "$(BUILT_PRODUCTS_DIR)/WKReactNativeLearn.app/WKReactNativeLearn";
			};
			name = Debug;
		};
		8349F8221EE170B5005536FD /* Release */ = {
			isa = XCBuildConfiguration;
			buildSettings = {
				BUNDLE_LOADER = "$(TEST_HOST)";
				INFOPLIST_FILE = WKReactNativeLearnTests/Info.plist;
				LD_RUNPATH_SEARCH_PATHS = "$(inherited) @executable_path/Frameworks @loader_path/Frameworks";
				PRODUCT_BUNDLE_IDENTIFIER = wk.WKReactNativeLearnTests;
				PRODUCT_NAME = "$(TARGET_NAME)";
				TEST_HOST = "$(BUILT_PRODUCTS_DIR)/WKReactNativeLearn.app/WKReactNativeLearn";
			};
			name = Release;
		};
		8349F8241EE170B5005536FD /* Debug */ = {
			isa = XCBuildConfiguration;
			buildSettings = {
				INFOPLIST_FILE = WKReactNativeLearnUITests/Info.plist;
				LD_RUNPATH_SEARCH_PATHS = "$(inherited) @executable_path/Frameworks @loader_path/Frameworks";
				PRODUCT_BUNDLE_IDENTIFIER = wk.WKReactNativeLearnUITests;
				PRODUCT_NAME = "$(TARGET_NAME)";
				TEST_TARGET_NAME = WKReactNativeLearn;
			};
			name = Debug;
		};
		8349F8251EE170B5005536FD /* Release */ = {
			isa = XCBuildConfiguration;
			buildSettings = {
				INFOPLIST_FILE = WKReactNativeLearnUITests/Info.plist;
				LD_RUNPATH_SEARCH_PATHS = "$(inherited) @executable_path/Frameworks @loader_path/Frameworks";
				PRODUCT_BUNDLE_IDENTIFIER = wk.WKReactNativeLearnUITests;
				PRODUCT_NAME = "$(TARGET_NAME)";
				TEST_TARGET_NAME = WKReactNativeLearn;
			};
			name = Release;
		};
/* End XCBuildConfiguration section */

/* Begin XCConfigurationList section */
		8349F7EB1EE170B1005536FD /* Build configuration list for PBXProject "WKReactNativeLearn" */ = {
			isa = XCConfigurationList;
			buildConfigurations = (
				8349F81B1EE170B5005536FD /* Debug */,
				8349F81C1EE170B5005536FD /* Release */,
			);
			defaultConfigurationIsVisible = 0;
			defaultConfigurationName = Release;
		};
		8349F81D1EE170B5005536FD /* Build configuration list for PBXNativeTarget "WKReactNativeLearn" */ = {
			isa = XCConfigurationList;
			buildConfigurations = (
				8349F81E1EE170B5005536FD /* Debug */,
				8349F81F1EE170B5005536FD /* Release */,
			);
			defaultConfigurationIsVisible = 0;
			defaultConfigurationName = Release;
		};
		8349F8201EE170B5005536FD /* Build configuration list for PBXNativeTarget "WKReactNativeLearnTests" */ = {
			isa = XCConfigurationList;
			buildConfigurations = (
				8349F8211EE170B5005536FD /* Debug */,
				8349F8221EE170B5005536FD /* Release */,
			);
			defaultConfigurationIsVisible = 0;
			defaultConfigurationName = Release;
		};
		8349F8231EE170B5005536FD /* Build configuration list for PBXNativeTarget "WKReactNativeLearnUITests" */ = {
			isa = XCConfigurationList;
			buildConfigurations = (
				8349F8241EE170B5005536FD /* Debug */,
				8349F8251EE170B5005536FD /* Release */,
			);
			defaultConfigurationIsVisible = 0;
			defaultConfigurationName = Release;
		};
/* End XCConfigurationList section */
	};
	rootObject = 8349F7E81EE170B1005536FD /* Project object */;
}
