PODS:
  - React (0.13.0-rc):
    - React/Core (= 0.13.0-rc)
  - React/Core (0.13.0-rc)
  - React/RCTText (0.13.0-rc):
    - React/Core

DEPENDENCIES:
  - React (~> 0.13.0-rc)
  - React/RCTText (~> 0.13.0-rc)

SPEC CHECKSUMS:
  React: 954f9c87235fcba91eac21d2632e1227a7336839

PODFILE CHECKSUM: 32f5f477556cd4bfa213310d48778eb3575f4de7

COCOAPODS: 1.0.1
